// !$*UTF8*$!
{
	archiveVersion = 1;
	classes = {
	};
	objectVersion = 50;
	objects = {

/* Begin PBXBuildFile section */
		695387072315A93500938A67 /* AppDelegate.swift in Sources */ = {isa = PBXBuildFile; fileRef = 695387062315A93500938A67 /* AppDelegate.swift */; };
		695387092315A93500938A67 /* ViewController.swift in Sources */ = {isa = PBXBuildFile; fileRef = 695387082315A93500938A67 /* ViewController.swift */; };
		6953870C2315A93500938A67 /* Main.storyboard in Resources */ = {isa = PBXBuildFile; fileRef = 6953870A2315A93500938A67 /* Main.storyboard */; };
		6953870E2315A93600938A67 /* Assets.xcassets in Resources */ = {isa = PBXBuildFile; fileRef = 6953870D2315A93600938A67 /* Assets.xcassets */; };
		695387112315A93600938A67 /* LaunchScreen.storyboard in Resources */ = {isa = PBXBuildFile; fileRef = 6953870F2315A93600938A67 /* LaunchScreen.storyboard */; };
		6953871C2315A93600938A67 /* parsingJSONTests.swift in Sources */ = {isa = PBXBuildFile; fileRef = 6953871B2315A93600938A67 /* parsingJSONTests.swift */; };
		695387272315A93600938A67 /* parsingJSONUITests.swift in Sources */ = {isa = PBXBuildFile; fileRef = 695387262315A93600938A67 /* parsingJSONUITests.swift */; };
/* End PBXBuildFile section */

/* Begin PBXContainerItemProxy section */
		695387182315A93600938A67 /* PBXContainerItemProxy */ = {
			isa = PBXContainerItemProxy;
			containerPortal = 695386FB2315A93400938A67 /* Project object */;
			proxyType = 1;
			remoteGlobalIDString = 695387022315A93500938A67;
			remoteInfo = parsingJSON;
		};
		695387232315A93600938A67 /* PBXContainerItemProxy */ = {
			isa = PBXContainerItemProxy;
			containerPortal = 695386FB2315A93400938A67 /* Project object */;
			proxyType = 1;
			remoteGlobalIDString = 695387022315A93500938A67;
			remoteInfo = parsingJSON;
		};
/* End PBXContainerItemProxy section */

/* Begin PBXFileReference section */
		695387032315A93500938A67 /* parsingJSON.app */ = {isa = PBXFileReference; explicitFileType = wrapper.application; includeInIndex = 0; path = parsingJSON.app; sourceTree = BUILT_PRODUCTS_DIR; };
		695387062315A93500938A67 /* AppDelegate.swift */ = {isa = PBXFileReference; lastKnownFileType = sourcecode.swift; path = AppDelegate.swift; sourceTree = "<group>"; };
		695387082315A93500938A67 /* ViewController.swift */ = {isa = PBXFileReference; lastKnownFileType = sourcecode.swift; path = ViewController.swift; sourceTree = "<group>"; };
		6953870B2315A93500938A67 /* Base */ = {isa = PBXFileReference; lastKnownFileType = file.storyboard; name = Base; path = Base.lproj/Main.storyboard; sourceTree = "<group>"; };
		6953870D2315A93600938A67 /* Assets.xcassets */ = {isa = PBXFileReference; lastKnownFileType = folder.assetcatalog; path = Assets.xcassets; sourceTree = "<group>"; };
		695387102315A93600938A67 /* Base */ = {isa = PBXFileReference; lastKnownFileType = file.storyboard; name = Base; path = Base.lproj/LaunchScreen.storyboard; sourceTree = "<group>"; };
		695387122315A93600938A67 /* Info.plist */ = {isa = PBXFileReference; lastKnownFileType = text.plist.xml; path = Info.plist; sourceTree = "<group>"; };
		695387172315A93600938A67 /* parsingJSONTests.xctest */ = {isa = PBXFileReference; explicitFileType = wrapper.cfbundle; includeInIndex = 0; path = parsingJSONTests.xctest; sourceTree = BUILT_PRODUCTS_DIR; };
		6953871B2315A93600938A67 /* parsingJSONTests.swift */ = {isa = PBXFileReference; lastKnownFileType = sourcecode.swift; path = parsingJSONTests.swift; sourceTree = "<group>"; };
		6953871D2315A93600938A67 /* Info.plist */ = {isa = PBXFileReference; lastKnownFileType = text.plist.xml; path = Info.plist; sourceTree = "<group>"; };
		695387222315A93600938A67 /* parsingJSONUITests.xctest */ = {isa = PBXFileReference; explicitFileType = wrapper.cfbundle; includeInIndex = 0; path = parsingJSONUITests.xctest; sourceTree = BUILT_PRODUCTS_DIR; };
		695387262315A93600938A67 /* parsingJSONUITests.swift */ = {isa = PBXFileReference; lastKnownFileType = sourcecode.swift; path = parsingJSONUITests.swift; sourceTree = "<group>"; };
		695387282315A93600938A67 /* Info.plist */ = {isa = PBXFileReference; lastKnownFileType = text.plist.xml; path = Info.plist; sourceTree = "<group>"; };
/* End PBXFileReference section */

/* Begin PBXFrameworksBuildPhase section */
		695387002315A93500938A67 /* Frameworks */ = {
			isa = PBXFrameworksBuildPhase;
			buildActionMask = 2147483647;
			files = (
			);
			runOnlyForDeploymentPostprocessing = 0;
		};
		695387142315A93600938A67 /* Frameworks */ = {
			isa = PBXFrameworksBuildPhase;
			buildActionMask = 2147483647;
			files = (
			);
			runOnlyForDeploymentPostprocessing = 0;
		};
		6953871F2315A93600938A67 /* Frameworks */ = {
			isa = PBXFrameworksBuildPhase;
			buildActionMask = 2147483647;
			files = (
			);
			runOnlyForDeploymentPostprocessing = 0;
		};
/* End PBXFrameworksBuildPhase section */

/* Begin PBXGroup section */
		695386FA2315A93400938A67 = {
			isa = PBXGroup;
			children = (
				695387052315A93500938A67 /* parsingJSON */,
				6953871A2315A93600938A67 /* parsingJSONTests */,
				695387252315A93600938A67 /* parsingJSONUITests */,
				695387042315A93500938A67 /* Products */,
			);
			sourceTree = "<group>";
		};
		695387042315A93500938A67 /* Products */ = {
			isa = PBXGroup;
			children = (
				695387032315A93500938A67 /* parsingJSON.app */,
				695387172315A93600938A67 /* parsingJSONTests.xctest */,
				695387222315A93600938A67 /* parsingJSONUITests.xctest */,
			);
			name = Products;
			sourceTree = "<group>";
		};
		695387052315A93500938A67 /* parsingJSON */ = {
			isa = PBXGroup;
			children = (
				695387062315A93500938A67 /* AppDelegate.swift */,
				695387082315A93500938A67 /* ViewController.swift */,
				6953870A2315A93500938A67 /* Main.storyboard */,
				6953870D2315A93600938A67 /* Assets.xcassets */,
				6953870F2315A93600938A67 /* LaunchScreen.storyboard */,
				695387122315A93600938A67 /* Info.plist */,
			);
			path = parsingJSON;
			sourceTree = "<group>";
		};
		6953871A2315A93600938A67 /* parsingJSONTests */ = {
			isa = PBXGroup;
			children = (
				6953871B2315A93600938A67 /* parsingJSONTests.swift */,
				6953871D2315A93600938A67 /* Info.plist */,
			);
			path = parsingJSONTests;
			sourceTree = "<group>";
		};
		695387252315A93600938A67 /* parsingJSONUITests */ = {
			isa = PBXGroup;
			children = (
				695387262315A93600938A67 /* parsingJSONUITests.swift */,
				695387282315A93600938A67 /* Info.plist */,
			);
			path = parsingJSONUITests;
			sourceTree = "<group>";
		};
/* End PBXGroup section */

/* Begin PBXNativeTarget section */
		695387022315A93500938A67 /* parsingJSON */ = {
			isa = PBXNativeTarget;
			buildConfigurationList = 6953872B2315A93600938A67 /* Build configuration list for PBXNativeTarget "parsingJSON" */;
			buildPhases = (
				695386FF2315A93500938A67 /* Sources */,
				695387002315A93500938A67 /* Frameworks */,
				695387012315A93500938A67 /* Resources */,
			);
			buildRules = (
			);
			dependencies = (
			);
			name = parsingJSON;
			productName = parsingJSON;
			productReference = 695387032315A93500938A67 /* parsingJSON.app */;
			productType = "com.apple.product-type.application";
		};
		695387162315A93600938A67 /* parsingJSONTests */ = {
			isa = PBXNativeTarget;
			buildConfigurationList = 6953872E2315A93600938A67 /* Build configuration list for PBXNativeTarget "parsingJSONTests" */;
			buildPhases = (
				695387132315A93600938A67 /* Sources */,
				695387142315A93600938A67 /* Frameworks */,
				695387152315A93600938A67 /* Resources */,
			);
			buildRules = (
			);
			dependencies = (
				695387192315A93600938A67 /* PBXTargetDependency */,
			);
			name = parsingJSONTests;
			productName = parsingJSONTests;
			productReference = 695387172315A93600938A67 /* parsingJSONTests.xctest */;
			productType = "com.apple.product-type.bundle.unit-test";
		};
		695387212315A93600938A67 /* parsingJSONUITests */ = {
			isa = PBXNativeTarget;
			buildConfigurationList = 695387312315A93600938A67 /* Build configuration list for PBXNativeTarget "parsingJSONUITests" */;
			buildPhases = (
				6953871E2315A93600938A67 /* Sources */,
				6953871F2315A93600938A67 /* Frameworks */,
				695387202315A93600938A67 /* Resources */,
			);
			buildRules = (
			);
			dependencies = (
				695387242315A93600938A67 /* PBXTargetDependency */,
			);
			name = parsingJSONUITests;
			productName = parsingJSONUITests;
			productReference = 695387222315A93600938A67 /* parsingJSONUITests.xctest */;
			productType = "com.apple.product-type.bundle.ui-testing";
		};
/* End PBXNativeTarget section */

/* Begin PBXProject section */
		695386FB2315A93400938A67 /* Project object */ = {
			isa = PBXProject;
			attributes = {
				LastSwiftUpdateCheck = 1020;
				LastUpgradeCheck = 1020;
				ORGANIZATIONNAME = "Phoenix McKnight";
				TargetAttributes = {
					695387022315A93500938A67 = {
						CreatedOnToolsVersion = 10.2.1;
					};
					695387162315A93600938A67 = {
						CreatedOnToolsVersion = 10.2.1;
						TestTargetID = 695387022315A93500938A67;
					};
					695387212315A93600938A67 = {
						CreatedOnToolsVersion = 10.2.1;
						TestTargetID = 695387022315A93500938A67;
					};
				};
			};
			buildConfigurationList = 695386FE2315A93400938A67 /* Build configuration list for PBXProject "parsingJSON" */;
			compatibilityVersion = "Xcode 9.3";
			developmentRegion = en;
			hasScannedForEncodings = 0;
			knownRegions = (
				en,
				Base,
			);
			mainGroup = 695386FA2315A93400938A67;
			productRefGroup = 695387042315A93500938A67 /* Products */;
			projectDirPath = "";
			projectRoot = "";
			targets = (
				695387022315A93500938A67 /* parsingJSON */,
				695387162315A93600938A67 /* parsingJSONTests */,
				695387212315A93600938A67 /* parsingJSONUITests */,
			);
		};
/* End PBXProject section */

/* Begin PBXResourcesBuildPhase section */
		695387012315A93500938A67 /* Resources */ = {
			isa = PBXResourcesBuildPhase;
			buildActionMask = 2147483647;
			files = (
				695387112315A93600938A67 /* LaunchScreen.storyboard in Resources */,
				6953870E2315A93600938A67 /* Assets.xcassets in Resources */,
				6953870C2315A93500938A67 /* Main.storyboard in Resources */,
			);
			runOnlyForDeploymentPostprocessing = 0;
		};
		695387152315A93600938A67 /* Resources */ = {
			isa = PBXResourcesBuildPhase;
			buildActionMask = 2147483647;
			files = (
			);
			runOnlyForDeploymentPostprocessing = 0;
		};
		695387202315A93600938A67 /* Resources */ = {
			isa = PBXResourcesBuildPhase;
			buildActionMask = 2147483647;
			files = (
			);
			runOnlyForDeploymentPostprocessing = 0;
		};
/* End PBXResourcesBuildPhase section */

/* Begin PBXSourcesBuildPhase section */
		695386FF2315A93500938A67 /* Sources */ = {
			isa = PBXSourcesBuildPhase;
			buildActionMask = 2147483647;
			files = (
				695387092315A93500938A67 /* ViewController.swift in Sources */,
				695387072315A93500938A67 /* AppDelegate.swift in Sources */,
			);
			runOnlyForDeploymentPostprocessing = 0;
		};
		695387132315A93600938A67 /* Sources */ = {
			isa = PBXSourcesBuildPhase;
			buildActionMask = 2147483647;
			files = (
				6953871C2315A93600938A67 /* parsingJSONTests.swift in Sources */,
			);
			runOnlyForDeploymentPostprocessing = 0;
		};
		6953871E2315A93600938A67 /* Sources */ = {
			isa = PBXSourcesBuildPhase;
			buildActionMask = 2147483647;
			files = (
				695387272315A93600938A67 /* parsingJSONUITests.swift in Sources */,
			);
			runOnlyForDeploymentPostprocessing = 0;
		};
/* End PBXSourcesBuildPhase section */

/* Begin PBXTargetDependency section */
		695387192315A93600938A67 /* PBXTargetDependency */ = {
			isa = PBXTargetDependency;
			target = 695387022315A93500938A67 /* parsingJSON */;
			targetProxy = 695387182315A93600938A67 /* PBXContainerItemProxy */;
		};
		695387242315A93600938A67 /* PBXTargetDependency */ = {
			isa = PBXTargetDependency;
			target = 695387022315A93500938A67 /* parsingJSON */;
			targetProxy = 695387232315A93600938A67 /* PBXContainerItemProxy */;
		};
/* End PBXTargetDependency section */

/* Begin PBXVariantGroup section */
		6953870A2315A93500938A67 /* Main.storyboard */ = {
			isa = PBXVariantGroup;
			children = (
				6953870B2315A93500938A67 /* Base */,
			);
			name = Main.storyboard;
			sourceTree = "<group>";
		};
		6953870F2315A93600938A67 /* LaunchScreen.storyboard */ = {
			isa = PBXVariantGroup;
			children = (
				695387102315A93600938A67 /* Base */,
			);
			name = LaunchScreen.storyboard;
			sourceTree = "<group>";
		};
/* End PBXVariantGroup section */

/* Begin XCBuildConfiguration section */
		695387292315A93600938A67 /* Debug */ = {
			isa = XCBuildConfiguration;
			buildSettings = {
				ALWAYS_SEARCH_USER_PATHS = NO;
				CLANG_ANALYZER_NONNULL = YES;
				CLANG_ANALYZER_NUMBER_OBJECT_CONVERSION = YES_AGGRESSIVE;
				CLANG_CXX_LANGUAGE_STANDARD = "gnu++14";
				CLANG_CXX_LIBRARY = "libc++";
				CLANG_ENABLE_MODULES = YES;
				CLANG_ENABLE_OBJC_ARC = YES;
				CLANG_ENABLE_OBJC_WEAK = YES;
				CLANG_WARN_BLOCK_CAPTURE_AUTORELEASING = YES;
				CLANG_WARN_BOOL_CONVERSION = YES;
				CLANG_WARN_COMMA = YES;
				CLANG_WARN_CONSTANT_CONVERSION = YES;
				CLANG_WARN_DEPRECATED_OBJC_IMPLEMENTATIONS = YES;
				CLANG_WARN_DIRECT_OBJC_ISA_USAGE = YES_ERROR;
				CLANG_WARN_DOCUMENTATION_COMMENTS = YES;
				CLANG_WARN_EMPTY_BODY = YES;
				CLANG_WARN_ENUM_CONVERSION = YES;
				CLANG_WARN_INFINITE_RECURSION = YES;
				CLANG_WARN_INT_CONVERSION = YES;
				CLANG_WARN_NON_LITERAL_NULL_CONVERSION = YES;
				CLANG_WARN_OBJC_IMPLICIT_RETAIN_SELF = YES;
				CLANG_WARN_OBJC_LITERAL_CONVERSION = YES;
				CLANG_WARN_OBJC_ROOT_CLASS = YES_ERROR;
				CLANG_WARN_RANGE_LOOP_ANALYSIS = YES;
				CLANG_WARN_STRICT_PROTOTYPES = YES;
				CLANG_WARN_SUSPICIOUS_MOVE = YES;
				CLANG_WARN_UNGUARDED_AVAILABILITY = YES_AGGRESSIVE;
				CLANG_WARN_UNREACHABLE_CODE = YES;
				CLANG_WARN__DUPLICATE_METHOD_MATCH = YES;
				CODE_SIGN_IDENTITY = "iPhone Developer";
				COPY_PHASE_STRIP = NO;
				DEBUG_INFORMATION_FORMAT = dwarf;
				ENABLE_STRICT_OBJC_MSGSEND = YES;
				ENABLE_TESTABILITY = YES;
				GCC_C_LANGUAGE_STANDARD = gnu11;
				GCC_DYNAMIC_NO_PIC = NO;
				GCC_NO_COMMON_BLOCKS = YES;
				GCC_OPTIMIZATION_LEVEL = 0;
				GCC_PREPROCESSOR_DEFINITIONS = (
					"DEBUG=1",
					"$(inherited)",
				);
				GCC_WARN_64_TO_32_BIT_CONVERSION = YES;
				GCC_WARN_ABOUT_RETURN_TYPE = YES_ERROR;
				GCC_WARN_UNDECLARED_SELECTOR = YES;
				GCC_WARN_UNINITIALIZED_AUTOS = YES_AGGRESSIVE;
				GCC_WARN_UNUSED_FUNCTION = YES;
				GCC_WARN_UNUSED_VARIABLE = YES;
				IPHONEOS_DEPLOYMENT_TARGET = 12.2;
				MTL_ENABLE_DEBUG_INFO = INCLUDE_SOURCE;
				MTL_FAST_MATH = YES;
				ONLY_ACTIVE_ARCH = YES;
				SDKROOT = iphoneos;
				SWIFT_ACTIVE_COMPILATION_CONDITIONS = DEBUG;
				SWIFT_OPTIMIZATION_LEVEL = "-Onone";
			};
			name = Debug;
		};
		6953872A2315A93600938A67 /* Release */ = {
			isa = XCBuildConfiguration;
			buildSettings = {
				ALWAYS_SEARCH_USER_PATHS = NO;
				CLANG_ANALYZER_NONNULL = YES;
				CLANG_ANALYZER_NUMBER_OBJECT_CONVERSION = YES_AGGRESSIVE;
				CLANG_CXX_LANGUAGE_STANDARD = "gnu++14";
				CLANG_CXX_LIBRARY = "libc++";
				CLANG_ENABLE_MODULES = YES;
				CLANG_ENABLE_OBJC_ARC = YES;
				CLANG_ENABLE_OBJC_WEAK = YES;
				CLANG_WARN_BLOCK_CAPTURE_AUTORELEASING = YES;
				CLANG_WARN_BOOL_CONVERSION = YES;
				CLANG_WARN_COMMA = YES;
				CLANG_WARN_CONSTANT_CONVERSION = YES;
				CLANG_WARN_DEPRECATED_OBJC_IMPLEMENTATIONS = YES;
				CLANG_WARN_DIRECT_OBJC_ISA_USAGE = YES_ERROR;
				CLANG_WARN_DOCUMENTATION_COMMENTS = YES;
				CLANG_WARN_EMPTY_BODY = YES;
				CLANG_WARN_ENUM_CONVERSION = YES;
				CLANG_WARN_INFINITE_RECURSION = YES;
				CLANG_WARN_INT_CONVERSION = YES;
				CLANG_WARN_NON_LITERAL_NULL_CONVERSION = YES;
				CLANG_WARN_OBJC_IMPLICIT_RETAIN_SELF = YES;
				CLANG_WARN_OBJC_LITERAL_CONVERSION = YES;
				CLANG_WARN_OBJC_ROOT_CLASS = YES_ERROR;
				CLANG_WARN_RANGE_LOOP_ANALYSIS = YES;
				CLANG_WARN_STRICT_PROTOTYPES = YES;
				CLANG_WARN_SUSPICIOUS_MOVE = YES;
				CLANG_WARN_UNGUARDED_AVAILABILITY = YES_AGGRESSIVE;
				CLANG_WARN_UNREACHABLE_CODE = YES;
				CLANG_WARN__DUPLICATE_METHOD_MATCH = YES;
				CODE_SIGN_IDENTITY = "iPhone Developer";
				COPY_PHASE_STRIP = NO;
				DEBUG_INFORMATION_FORMAT = "dwarf-with-dsym";
				ENABLE_NS_ASSERTIONS = NO;
				ENABLE_STRICT_OBJC_MSGSEND = YES;
				GCC_C_LANGUAGE_STANDARD = gnu11;
				GCC_NO_COMMON_BLOCKS = YES;
				GCC_WARN_64_TO_32_BIT_CONVERSION = YES;
				GCC_WARN_ABOUT_RETURN_TYPE = YES_ERROR;
				GCC_WARN_UNDECLARED_SELECTOR = YES;
				GCC_WARN_UNINITIALIZED_AUTOS = YES_AGGRESSIVE;
				GCC_WARN_UNUSED_FUNCTION = YES;
				GCC_WARN_UNUSED_VARIABLE = YES;
				IPHONEOS_DEPLOYMENT_TARGET = 12.2;
				MTL_ENABLE_DEBUG_INFO = NO;
				MTL_FAST_MATH = YES;
				SDKROOT = iphoneos;
				SWIFT_COMPILATION_MODE = wholemodule;
				SWIFT_OPTIMIZATION_LEVEL = "-O";
				VALIDATE_PRODUCT = YES;
			};
			name = Release;
		};
		6953872C2315A93600938A67 /* Debug */ = {
			isa = XCBuildConfiguration;
			buildSettings = {
				ASSETCATALOG_COMPILER_APPICON_NAME = AppIcon;
				CODE_SIGN_STYLE = Automatic;
				INFOPLIST_FILE = parsingJSON/Info.plist;
				LD_RUNPATH_SEARCH_PATHS = (
					"$(inherited)",
					"@executable_path/Frameworks",
				);
				PRODUCT_BUNDLE_IDENTIFIER = Pursuit.parsingJSON;
				PRODUCT_NAME = "$(TARGET_NAME)";
				SWIFT_VERSION = 5.0;
				TARGETED_DEVICE_FAMILY = "1,2";
			};
			name = Debug;
		};
		6953872D2315A93600938A67 /* Release */ = {
			isa = XCBuildConfiguration;
			buildSettings = {
				ASSETCATALOG_COMPILER_APPICON_NAME = AppIcon;
				CODE_SIGN_STYLE = Automatic;
				INFOPLIST_FILE = parsingJSON/Info.plist;
				LD_RUNPATH_SEARCH_PATHS = (
					"$(inherited)",
					"@executable_path/Frameworks",
				);
				PRODUCT_BUNDLE_IDENTIFIER = Pursuit.parsingJSON;
				PRODUCT_NAME = "$(TARGET_NAME)";
				SWIFT_VERSION = 5.0;
				TARGETED_DEVICE_FAMILY = "1,2";
			};
			name = Release;
		};
		6953872F2315A93600938A67 /* Debug */ = {
			isa = XCBuildConfiguration;
			buildSettings = {
				ALWAYS_EMBED_SWIFT_STANDARD_LIBRARIES = YES;
				BUNDLE_LOADER = "$(TEST_HOST)";
				CODE_SIGN_STYLE = Automatic;
				INFOPLIST_FILE = parsingJSONTests/Info.plist;
				LD_RUNPATH_SEARCH_PATHS = (
					"$(inherited)",
					"@executable_path/Frameworks",
					"@loader_path/Frameworks",
				);
				PRODUCT_BUNDLE_IDENTIFIER = Pursuit.parsingJSONTests;
				PRODUCT_NAME = "$(TARGET_NAME)";
				SWIFT_VERSION = 5.0;
				TARGETED_DEVICE_FAMILY = "1,2";
				TEST_HOST = "$(BUILT_PRODUCTS_DIR)/parsingJSON.app/parsingJSON";
			};
			name = Debug;
		};
		695387302315A93600938A67 /* Release */ = {
			isa = XCBuildConfiguration;
			buildSettings = {
				ALWAYS_EMBED_SWIFT_STANDARD_LIBRARIES = YES;
				BUNDLE_LOADER = "$(TEST_HOST)";
				CODE_SIGN_STYLE = Automatic;
				INFOPLIST_FILE = parsingJSONTests/Info.plist;
				LD_RUNPATH_SEARCH_PATHS = (
					"$(inherited)",
					"@executable_path/Frameworks",
					"@loader_path/Frameworks",
				);
				PRODUCT_BUNDLE_IDENTIFIER = Pursuit.parsingJSONTests;
				PRODUCT_NAME = "$(TARGET_NAME)";
				SWIFT_VERSION = 5.0;
				TARGETED_DEVICE_FAMILY = "1,2";
				TEST_HOST = "$(BUILT_PRODUCTS_DIR)/parsingJSON.app/parsingJSON";
			};
			name = Release;
		};
		695387322315A93600938A67 /* Debug */ = {
			isa = XCBuildConfiguration;
			buildSettings = {
				ALWAYS_EMBED_SWIFT_STANDARD_LIBRARIES = YES;
				CODE_SIGN_STYLE = Automatic;
				INFOPLIST_FILE = parsingJSONUITests/Info.plist;
				LD_RUNPATH_SEARCH_PATHS = (
					"$(inherited)",
					"@executable_path/Frameworks",
					"@loader_path/Frameworks",
				);
				PRODUCT_BUNDLE_IDENTIFIER = Pursuit.parsingJSONUITests;
				PRODUCT_NAME = "$(TARGET_NAME)";
				SWIFT_VERSION = 5.0;
				TARGETED_DEVICE_FAMILY = "1,2";
				TEST_TARGET_NAME = parsingJSON;
			};
			name = Debug;
		};
		695387332315A93600938A67 /* Release */ = {
			isa = XCBuildConfiguration;
			buildSettings = {
				ALWAYS_EMBED_SWIFT_STANDARD_LIBRARIES = YES;
				CODE_SIGN_STYLE = Automatic;
				INFOPLIST_FILE = parsingJSONUITests/Info.plist;
				LD_RUNPATH_SEARCH_PATHS = (
					"$(inherited)",
					"@executable_path/Frameworks",
					"@loader_path/Frameworks",
				);
				PRODUCT_BUNDLE_IDENTIFIER = Pursuit.parsingJSONUITests;
				PRODUCT_NAME = "$(TARGET_NAME)";
				SWIFT_VERSION = 5.0;
				TARGETED_DEVICE_FAMILY = "1,2";
				TEST_TARGET_NAME = parsingJSON;
			};
			name = Release;
		};
/* End XCBuildConfiguration section */

/* Begin XCConfigurationList section */
		695386FE2315A93400938A67 /* Build configuration list for PBXProject "parsingJSON" */ = {
			isa = XCConfigurationList;
			buildConfigurations = (
				695387292315A93600938A67 /* Debug */,
				6953872A2315A93600938A67 /* Release */,
			);
			defaultConfigurationIsVisible = 0;
			defaultConfigurationName = Release;
		};
		6953872B2315A93600938A67 /* Build configuration list for PBXNativeTarget "parsingJSON" */ = {
			isa = XCConfigurationList;
			buildConfigurations = (
				6953872C2315A93600938A67 /* Debug */,
				6953872D2315A93600938A67 /* Release */,
			);
			defaultConfigurationIsVisible = 0;
			defaultConfigurationName = Release;
		};
		6953872E2315A93600938A67 /* Build configuration list for PBXNativeTarget "parsingJSONTests" */ = {
			isa = XCConfigurationList;
			buildConfigurations = (
				6953872F2315A93600938A67 /* Debug */,
				695387302315A93600938A67 /* Release */,
			);
			defaultConfigurationIsVisible = 0;
			defaultConfigurationName = Release;
		};
		695387312315A93600938A67 /* Build configuration list for PBXNativeTarget "parsingJSONUITests" */ = {
			isa = XCConfigurationList;
			buildConfigurations = (
				695387322315A93600938A67 /* Debug */,
				695387332315A93600938A67 /* Release */,
			);
			defaultConfigurationIsVisible = 0;
			defaultConfigurationName = Release;
		};
/* End XCConfigurationList section */
	};
	rootObject = 695386FB2315A93400938A67 /* Project object */;
}
